
Microsoft Visual Studio Solution File, Format Version 12.00
Project("{FAE04EC0-301F-11D3-BF4B-00C04F79EFBC}") = "PerfTest.Client", "PerfTest.Client\PerfTest.Client.csproj", "{9FCBF05F-ED62-406E-9B01-7BC73D2C5777}"
EndProject
Project("{FAE04EC0-301F-11D3-BF4B-00C04F79EFBC}") = "PerfTest.Server", "PerfTest.Server\PerfTest.Server.csproj", "{BD1A8A8F-C9CB-4BD0-89FF-E2FDFC07DA4C}"
EndProject
Global
	GlobalSection(SolutionConfigurationPlatforms) = preSolution
		Debug|Any CPU = Debug|Any CPU
		Release|Any CPU = Release|Any CPU
	EndGlobalSection
	GlobalSection(ProjectConfigurationPlatforms) = postSolution
		{9FCBF05F-ED62-406E-9B01-7BC73D2C5777}.Debug|Any CPU.ActiveCfg = Debug|Any CPU
		{9FCBF05F-ED62-406E-9B01-7BC73D2C5777}.Debug|Any CPU.Build.0 = Debug|Any CPU
		{9FCBF05F-ED62-406E-9B01-7BC73D2C5777}.Release|Any CPU.ActiveCfg = Release|Any CPU
		{9FCBF05F-ED62-406E-9B01-7BC73D2C5777}.Release|Any CPU.Build.0 = Release|Any CPU
		{BD1A8A8F-C9CB-4BD0-89FF-E2FDFC07DA4C}.Debug|Any CPU.ActiveCfg = Debug|Any CPU
		{BD1A8A8F-C9CB-4BD0-89FF-E2FDFC07DA4C}.Debug|Any CPU.Build.0 = Debug|Any CPU
		{BD1A8A8F-C9CB-4BD0-89FF-E2FDFC07DA4C}.Release|Any CPU.ActiveCfg = Release|Any CPU
		{BD1A8A8F-C9CB-4BD0-89FF-E2FDFC07DA4C}.Release|Any CPU.Build.0 = Release|Any CPU
	EndGlobalSection
EndGlobal
